
Microsoft Visual Studio Solution File, Format Version 12.00
Project("{FAE04EC0-301F-11D3-BF4B-00C04F79EFBC}") = "BFML", "BFML\BFML.csproj", "{50D4C04D-51C9-447F-9B8B-FF48BE462DE5}"
EndProject
Project("{FAE04EC0-301F-11D3-BF4B-00C04F79EFBC}") = "TCPFileClient", "TCPFileClient\TCPFileClient.csproj", "{A2B9DD78-74E1-48A5-8C89-92FC66839329}"
EndProject
Project("{FAE04EC0-301F-11D3-BF4B-00C04F79EFBC}") = "Common", "Common\Common.csproj", "{BDE17666-9733-4CFC-894B-A67400E63D46}"
EndProject
Project("{FAE04EC0-301F-11D3-BF4B-00C04F79EFBC}") = "TCPFileServer", "TCPFileServer\TCPFileServer.csproj", "{2F776E28-D687-4C8E-89BB-F7DA79DE37E9}"
EndProject
Project("{FAE04EC0-301F-11D3-BF4B-00C04F79EFBC}") = "XmlFilesGenerator", "XmlFilesGenerator\XmlFilesGenerator.csproj", "{9947A9CC-9329-4B5E-8776-0EE807A7054E}"
EndProject
Project("{FAE04EC0-301F-11D3-BF4B-00C04F79EFBC}") = "LocalFileClient", "LocalFileClient\LocalFileClient.csproj", "{D7D37BBE-A989-44F6-9A6F-508F599689AC}"
EndProject
Global
	GlobalSection(SolutionConfigurationPlatforms) = preSolution
		Debug|Any CPU = Debug|Any CPU
		Release|Any CPU = Release|Any CPU
	EndGlobalSection
	GlobalSection(ProjectConfigurationPlatforms) = postSolution
		{50D4C04D-51C9-447F-9B8B-FF48BE462DE5}.Debug|Any CPU.ActiveCfg = Debug|Any CPU
		{50D4C04D-51C9-447F-9B8B-FF48BE462DE5}.Debug|Any CPU.Build.0 = Debug|Any CPU
		{50D4C04D-51C9-447F-9B8B-FF48BE462DE5}.Release|Any CPU.ActiveCfg = Release|Any CPU
		{50D4C04D-51C9-447F-9B8B-FF48BE462DE5}.Release|Any CPU.Build.0 = Release|Any CPU
		{A2B9DD78-74E1-48A5-8C89-92FC66839329}.Debug|Any CPU.ActiveCfg = Debug|Any CPU
		{A2B9DD78-74E1-48A5-8C89-92FC66839329}.Debug|Any CPU.Build.0 = Debug|Any CPU
		{A2B9DD78-74E1-48A5-8C89-92FC66839329}.Release|Any CPU.ActiveCfg = Release|Any CPU
		{A2B9DD78-74E1-48A5-8C89-92FC66839329}.Release|Any CPU.Build.0 = Release|Any CPU
		{BDE17666-9733-4CFC-894B-A67400E63D46}.Debug|Any CPU.ActiveCfg = Debug|Any CPU
		{BDE17666-9733-4CFC-894B-A67400E63D46}.Debug|Any CPU.Build.0 = Debug|Any CPU
		{BDE17666-9733-4CFC-894B-A67400E63D46}.Release|Any CPU.ActiveCfg = Release|Any CPU
		{BDE17666-9733-4CFC-894B-A67400E63D46}.Release|Any CPU.Build.0 = Release|Any CPU
		{2F776E28-D687-4C8E-89BB-F7DA79DE37E9}.Debug|Any CPU.ActiveCfg = Debug|Any CPU
		{2F776E28-D687-4C8E-89BB-F7DA79DE37E9}.Debug|Any CPU.Build.0 = Debug|Any CPU
		{2F776E28-D687-4C8E-89BB-F7DA79DE37E9}.Release|Any CPU.ActiveCfg = Release|Any CPU
		{2F776E28-D687-4C8E-89BB-F7DA79DE37E9}.Release|Any CPU.Build.0 = Release|Any CPU
		{9947A9CC-9329-4B5E-8776-0EE807A7054E}.Debug|Any CPU.ActiveCfg = Debug|Any CPU
		{9947A9CC-9329-4B5E-8776-0EE807A7054E}.Debug|Any CPU.Build.0 = Debug|Any CPU
		{9947A9CC-9329-4B5E-8776-0EE807A7054E}.Release|Any CPU.ActiveCfg = Release|Any CPU
		{9947A9CC-9329-4B5E-8776-0EE807A7054E}.Release|Any CPU.Build.0 = Release|Any CPU
		{D7D37BBE-A989-44F6-9A6F-508F599689AC}.Debug|Any CPU.ActiveCfg = Debug|Any CPU
		{D7D37BBE-A989-44F6-9A6F-508F599689AC}.Debug|Any CPU.Build.0 = Debug|Any CPU
		{D7D37BBE-A989-44F6-9A6F-508F599689AC}.Release|Any CPU.ActiveCfg = Release|Any CPU
		{D7D37BBE-A989-44F6-9A6F-508F599689AC}.Release|Any CPU.Build.0 = Release|Any CPU
	EndGlobalSection
EndGlobal
